schema_version: 1
sources:
  euvics:
    repository: https://github.com/chongshikpark/euvics
    commit: 35b67441562c3c8506d2db9f658b150b82013e6a
    lock_status: locked
    publication_manifest: publication/public-content-v1.json
  pyeuvics:
    repository: https://github.com/pyeuvics/pyEUVICS
    commit: 806b900b2e404a753982aeab97fd3fda9a378a72
    lock_status: locked
    publication_manifest: publication/public-content-v1.json
